// !$*UTF8*$!
{
	archiveVersion = 1;
	classes = {
	};
	objectVersion = 56;
	objects = {

/* Begin PBXBuildFile section */
		BB1C0D612BB2FE0F00F0E4CE /* finalTourGuideSQLApp.swift in Sources */ = {isa = PBXBuildFile; fileRef = BB1C0D602BB2FE0F00F0E4CE /* finalTourGuideSQLApp.swift */; };
		BB1C0D632BB2FE0F00F0E4CE /* ContentView.swift in Sources */ = {isa = PBXBuildFile; fileRef = BB1C0D622BB2FE0F00F0E4CE /* ContentView.swift */; };
		BB1C0D652BB2FE1000F0E4CE /* Assets.xcassets in Resources */ = {isa = PBXBuildFile; fileRef = BB1C0D642BB2FE1000F0E4CE /* Assets.xcassets */; };
		BB1C0D682BB2FE1000F0E4CE /* Preview Assets.xcassets in Resources */ = {isa = PBXBuildFile; fileRef = BB1C0D672BB2FE1000F0E4CE /* Preview Assets.xcassets */; };
		BB1C0D722BB2FE1000F0E4CE /* finalTourGuideSQLTests.swift in Sources */ = {isa = PBXBuildFile; fileRef = BB1C0D712BB2FE1000F0E4CE /* finalTourGuideSQLTests.swift */; };
		BB1C0D7C2BB2FE1000F0E4CE /* finalTourGuideSQLUITests.swift in Sources */ = {isa = PBXBuildFile; fileRef = BB1C0D7B2BB2FE1000F0E4CE /* finalTourGuideSQLUITests.swift */; };
		BB1C0D7E2BB2FE1000F0E4CE /* finalTourGuideSQLUITestsLaunchTests.swift in Sources */ = {isa = PBXBuildFile; fileRef = BB1C0D7D2BB2FE1000F0E4CE /* finalTourGuideSQLUITestsLaunchTests.swift */; };
		BB42B3632BB302B30065A8A1 /* DatabaseManager.swift in Sources */ = {isa = PBXBuildFile; fileRef = BB42B3622BB302B30065A8A1 /* DatabaseManager.swift */; };
		BB42B3652BB305330065A8A1 /* imageManager.swift in Sources */ = {isa = PBXBuildFile; fileRef = BB42B3642BB305330065A8A1 /* imageManager.swift */; };
		BB42B3672BB305EE0065A8A1 /* AsyncImageView.swift in Sources */ = {isa = PBXBuildFile; fileRef = BB42B3662BB305EE0065A8A1 /* AsyncImageView.swift */; };
		BB42B3692BB30AC30065A8A1 /* ScenicSpotDetailView.swift in Sources */ = {isa = PBXBuildFile; fileRef = BB42B3682BB30AC30065A8A1 /* ScenicSpotDetailView.swift */; };
		BB42B3752BB318230065A8A1 /* ShoppingView.swift in Sources */ = {isa = PBXBuildFile; fileRef = BB42B3742BB318230065A8A1 /* ShoppingView.swift */; };
		BB42B3772BB3183A0065A8A1 /* WeatherView.swift in Sources */ = {isa = PBXBuildFile; fileRef = BB42B3762BB3183A0065A8A1 /* WeatherView.swift */; };
		BB42B37A2BB31BB20065A8A1 /* SQLToggleView.swift in Sources */ = {isa = PBXBuildFile; fileRef = BB42B3792BB31BB20065A8A1 /* SQLToggleView.swift */; };
/* End PBXBuildFile section */

/* Begin PBXContainerItemProxy section */
		BB1C0D6E2BB2FE1000F0E4CE /* PBXContainerItemProxy */ = {
			isa = PBXContainerItemProxy;
			containerPortal = BB1C0D552BB2FE0F00F0E4CE /* Project object */;
			proxyType = 1;
			remoteGlobalIDString = BB1C0D5C2BB2FE0F00F0E4CE;
			remoteInfo = finalTourGuideSQL;
		};
		BB1C0D782BB2FE1000F0E4CE /* PBXContainerItemProxy */ = {
			isa = PBXContainerItemProxy;
			containerPortal = BB1C0D552BB2FE0F00F0E4CE /* Project object */;
			proxyType = 1;
			remoteGlobalIDString = BB1C0D5C2BB2FE0F00F0E4CE;
			remoteInfo = finalTourGuideSQL;
		};
/* End PBXContainerItemProxy section */

/* Begin PBXFileReference section */
		BB1C0D5D2BB2FE0F00F0E4CE /* finalTourGuideSQL.app */ = {isa = PBXFileReference; explicitFileType = wrapper.application; includeInIndex = 0; path = finalTourGuideSQL.app; sourceTree = BUILT_PRODUCTS_DIR; };
		BB1C0D602BB2FE0F00F0E4CE /* finalTourGuideSQLApp.swift */ = {isa = PBXFileReference; lastKnownFileType = sourcecode.swift; path = finalTourGuideSQLApp.swift; sourceTree = "<group>"; };
		BB1C0D622BB2FE0F00F0E4CE /* ContentView.swift */ = {isa = PBXFileReference; lastKnownFileType = sourcecode.swift; path = ContentView.swift; sourceTree = "<group>"; };
		BB1C0D642BB2FE1000F0E4CE /* Assets.xcassets */ = {isa = PBXFileReference; lastKnownFileType = folder.assetcatalog; path = Assets.xcassets; sourceTree = "<group>"; };
		BB1C0D672BB2FE1000F0E4CE /* Preview Assets.xcassets */ = {isa = PBXFileReference; lastKnownFileType = folder.assetcatalog; path = "Preview Assets.xcassets"; sourceTree = "<group>"; };
		BB1C0D6D2BB2FE1000F0E4CE /* finalTourGuideSQLTests.xctest */ = {isa = PBXFileReference; explicitFileType = wrapper.cfbundle; includeInIndex = 0; path = finalTourGuideSQLTests.xctest; sourceTree = BUILT_PRODUCTS_DIR; };
		BB1C0D712BB2FE1000F0E4CE /* finalTourGuideSQLTests.swift */ = {isa = PBXFileReference; lastKnownFileType = sourcecode.swift; path = finalTourGuideSQLTests.swift; sourceTree = "<group>"; };
		BB1C0D772BB2FE1000F0E4CE /* finalTourGuideSQLUITests.xctest */ = {isa = PBXFileReference; explicitFileType = wrapper.cfbundle; includeInIndex = 0; path = finalTourGuideSQLUITests.xctest; sourceTree = BUILT_PRODUCTS_DIR; };
		BB1C0D7B2BB2FE1000F0E4CE /* finalTourGuideSQLUITests.swift */ = {isa = PBXFileReference; lastKnownFileType = sourcecode.swift; path = finalTourGuideSQLUITests.swift; sourceTree = "<group>"; };
		BB1C0D7D2BB2FE1000F0E4CE /* finalTourGuideSQLUITestsLaunchTests.swift */ = {isa = PBXFileReference; lastKnownFileType = sourcecode.swift; path = finalTourGuideSQLUITestsLaunchTests.swift; sourceTree = "<group>"; };
		BB42B3602BB302840065A8A1 /* SQLite.swift-master */ = {isa = PBXFileReference; lastKnownFileType = wrapper; name = "SQLite.swift-master"; path = "../../SQLite.swift-master"; sourceTree = "<group>"; };
		BB42B3622BB302B30065A8A1 /* DatabaseManager.swift */ = {isa = PBXFileReference; lastKnownFileType = sourcecode.swift; path = DatabaseManager.swift; sourceTree = "<group>"; };
		BB42B3642BB305330065A8A1 /* imageManager.swift */ = {isa = PBXFileReference; lastKnownFileType = sourcecode.swift; path = imageManager.swift; sourceTree = "<group>"; };
		BB42B3662BB305EE0065A8A1 /* AsyncImageView.swift */ = {isa = PBXFileReference; lastKnownFileType = sourcecode.swift; path = AsyncImageView.swift; sourceTree = "<group>"; };
		BB42B3682BB30AC30065A8A1 /* ScenicSpotDetailView.swift */ = {isa = PBXFileReference; lastKnownFileType = sourcecode.swift; path = ScenicSpotDetailView.swift; sourceTree = "<group>"; };
		BB42B3742BB318230065A8A1 /* ShoppingView.swift */ = {isa = PBXFileReference; lastKnownFileType = sourcecode.swift; path = ShoppingView.swift; sourceTree = "<group>"; };
		BB42B3762BB3183A0065A8A1 /* WeatherView.swift */ = {isa = PBXFileReference; lastKnownFileType = sourcecode.swift; path = WeatherView.swift; sourceTree = "<group>"; };
		BB42B3792BB31BB20065A8A1 /* SQLToggleView.swift */ = {isa = PBXFileReference; lastKnownFileType = sourcecode.swift; path = SQLToggleView.swift; sourceTree = "<group>"; };
/* End PBXFileReference section */

/* Begin PBXFrameworksBuildPhase section */
		BB1C0D5A2BB2FE0F00F0E4CE /* Frameworks */ = {
			isa = PBXFrameworksBuildPhase;
			buildActionMask = 2147483647;
			files = (
			);
			runOnlyForDeploymentPostprocessing = 0;
		};
		BB1C0D6A2BB2FE1000F0E4CE /* Frameworks */ = {
			isa = PBXFrameworksBuildPhase;
			buildActionMask = 2147483647;
			files = (
			);
			runOnlyForDeploymentPostprocessing = 0;
		};
		BB1C0D742BB2FE1000F0E4CE /* Frameworks */ = {
			isa = PBXFrameworksBuildPhase;
			buildActionMask = 2147483647;
			files = (
			);
			runOnlyForDeploymentPostprocessing = 0;
		};
/* End PBXFrameworksBuildPhase section */

/* Begin PBXGroup section */
		BB1C0D542BB2FE0F00F0E4CE = {
			isa = PBXGroup;
			children = (
				BB1C0D5F2BB2FE0F00F0E4CE /* finalTourGuideSQL */,
				BB1C0D702BB2FE1000F0E4CE /* finalTourGuideSQLTests */,
				BB1C0D7A2BB2FE1000F0E4CE /* finalTourGuideSQLUITests */,
				BB1C0D5E2BB2FE0F00F0E4CE /* Products */,
			);
			sourceTree = "<group>";
		};
		BB1C0D5E2BB2FE0F00F0E4CE /* Products */ = {
			isa = PBXGroup;
			children = (
				BB1C0D5D2BB2FE0F00F0E4CE /* finalTourGuideSQL.app */,
				BB1C0D6D2BB2FE1000F0E4CE /* finalTourGuideSQLTests.xctest */,
				BB1C0D772BB2FE1000F0E4CE /* finalTourGuideSQLUITests.xctest */,
			);
			name = Products;
			sourceTree = "<group>";
		};
		BB1C0D5F2BB2FE0F00F0E4CE /* finalTourGuideSQL */ = {
			isa = PBXGroup;
			children = (
				BB1C0D602BB2FE0F00F0E4CE /* finalTourGuideSQLApp.swift */,
				BB42B3782BB318A30065A8A1 /* Models */,
				BB42B3732BB317F70065A8A1 /* Views */,
				BB42B3662BB305EE0065A8A1 /* AsyncImageView.swift */,
				BB1C0D642BB2FE1000F0E4CE /* Assets.xcassets */,
				BB1C0D662BB2FE1000F0E4CE /* Preview Content */,
			);
			path = finalTourGuideSQL;
			sourceTree = "<group>";
		};
		BB1C0D662BB2FE1000F0E4CE /* Preview Content */ = {
			isa = PBXGroup;
			children = (
				BB1C0D672BB2FE1000F0E4CE /* Preview Assets.xcassets */,
			);
			path = "Preview Content";
			sourceTree = "<group>";
		};
		BB1C0D702BB2FE1000F0E4CE /* finalTourGuideSQLTests */ = {
			isa = PBXGroup;
			children = (
				BB1C0D712BB2FE1000F0E4CE /* finalTourGuideSQLTests.swift */,
			);
			path = finalTourGuideSQLTests;
			sourceTree = "<group>";
		};
		BB1C0D7A2BB2FE1000F0E4CE /* finalTourGuideSQLUITests */ = {
			isa = PBXGroup;
			children = (
				BB1C0D7B2BB2FE1000F0E4CE /* finalTourGuideSQLUITests.swift */,
				BB1C0D7D2BB2FE1000F0E4CE /* finalTourGuideSQLUITestsLaunchTests.swift */,
				BB42B3602BB302840065A8A1 /* SQLite.swift-master */,
			);
			path = finalTourGuideSQLUITests;
			sourceTree = "<group>";
		};
		BB42B3732BB317F70065A8A1 /* Views */ = {
			isa = PBXGroup;
			children = (
				BB1C0D622BB2FE0F00F0E4CE /* ContentView.swift */,
				BB42B3792BB31BB20065A8A1 /* SQLToggleView.swift */,
				BB42B3682BB30AC30065A8A1 /* ScenicSpotDetailView.swift */,
				BB42B3742BB318230065A8A1 /* ShoppingView.swift */,
				BB42B3762BB3183A0065A8A1 /* WeatherView.swift */,
			);
			path = Views;
			sourceTree = "<group>";
		};
		BB42B3782BB318A30065A8A1 /* Models */ = {
			isa = PBXGroup;
			children = (
				BB42B3622BB302B30065A8A1 /* DatabaseManager.swift */,
				BB42B3642BB305330065A8A1 /* imageManager.swift */,
			);
			path = Models;
			sourceTree = "<group>";
		};
/* End PBXGroup section */

/* Begin PBXNativeTarget section */
		BB1C0D5C2BB2FE0F00F0E4CE /* finalTourGuideSQL */ = {
			isa = PBXNativeTarget;
			buildConfigurationList = BB1C0D812BB2FE1000F0E4CE /* Build configuration list for PBXNativeTarget "finalTourGuideSQL" */;
			buildPhases = (
				BB1C0D592BB2FE0F00F0E4CE /* Sources */,
				BB1C0D5A2BB2FE0F00F0E4CE /* Frameworks */,
				BB1C0D5B2BB2FE0F00F0E4CE /* Resources */,
			);
			buildRules = (
			);
			dependencies = (
			);
			name = finalTourGuideSQL;
			productName = finalTourGuideSQL;
			productReference = BB1C0D5D2BB2FE0F00F0E4CE /* finalTourGuideSQL.app */;
			productType = "com.apple.product-type.application";
		};
		BB1C0D6C2BB2FE1000F0E4CE /* finalTourGuideSQLTests */ = {
			isa = PBXNativeTarget;
			buildConfigurationList = BB1C0D842BB2FE1000F0E4CE /* Build configuration list for PBXNativeTarget "finalTourGuideSQLTests" */;
			buildPhases = (
				BB1C0D692BB2FE1000F0E4CE /* Sources */,
				BB1C0D6A2BB2FE1000F0E4CE /* Frameworks */,
				BB1C0D6B2BB2FE1000F0E4CE /* Resources */,
			);
			buildRules = (
			);
			dependencies = (
				BB1C0D6F2BB2FE1000F0E4CE /* PBXTargetDependency */,
			);
			name = finalTourGuideSQLTests;
			productName = finalTourGuideSQLTests;
			productReference = BB1C0D6D2BB2FE1000F0E4CE /* finalTourGuideSQLTests.xctest */;
			productType = "com.apple.product-type.bundle.unit-test";
		};
		BB1C0D762BB2FE1000F0E4CE /* finalTourGuideSQLUITests */ = {
			isa = PBXNativeTarget;
			buildConfigurationList = BB1C0D872BB2FE1000F0E4CE /* Build configuration list for PBXNativeTarget "finalTourGuideSQLUITests" */;
			buildPhases = (
				BB1C0D732BB2FE1000F0E4CE /* Sources */,
				BB1C0D742BB2FE1000F0E4CE /* Frameworks */,
				BB1C0D752BB2FE1000F0E4CE /* Resources */,
			);
			buildRules = (
			);
			dependencies = (
				BB1C0D792BB2FE1000F0E4CE /* PBXTargetDependency */,
			);
			name = finalTourGuideSQLUITests;
			productName = finalTourGuideSQLUITests;
			productReference = BB1C0D772BB2FE1000F0E4CE /* finalTourGuideSQLUITests.xctest */;
			productType = "com.apple.product-type.bundle.ui-testing";
		};
/* End PBXNativeTarget section */

/* Begin PBXProject section */
		BB1C0D552BB2FE0F00F0E4CE /* Project object */ = {
			isa = PBXProject;
			attributes = {
				BuildIndependentTargetsInParallel = 1;
				LastSwiftUpdateCheck = 1530;
				LastUpgradeCheck = 1530;
				TargetAttributes = {
					BB1C0D5C2BB2FE0F00F0E4CE = {
						CreatedOnToolsVersion = 15.3;
					};
					BB1C0D6C2BB2FE1000F0E4CE = {
						CreatedOnToolsVersion = 15.3;
						TestTargetID = BB1C0D5C2BB2FE0F00F0E4CE;
					};
					BB1C0D762BB2FE1000F0E4CE = {
						CreatedOnToolsVersion = 15.3;
						TestTargetID = BB1C0D5C2BB2FE0F00F0E4CE;
					};
				};
			};
			buildConfigurationList = BB1C0D582BB2FE0F00F0E4CE /* Build configuration list for PBXProject "finalTourGuideSQL" */;
			compatibilityVersion = "Xcode 14.0";
			developmentRegion = en;
			hasScannedForEncodings = 0;
			knownRegions = (
				en,
				Base,
			);
			mainGroup = BB1C0D542BB2FE0F00F0E4CE;
			productRefGroup = BB1C0D5E2BB2FE0F00F0E4CE /* Products */;
			projectDirPath = "";
			projectRoot = "";
			targets = (
				BB1C0D5C2BB2FE0F00F0E4CE /* finalTourGuideSQL */,
				BB1C0D6C2BB2FE1000F0E4CE /* finalTourGuideSQLTests */,
				BB1C0D762BB2FE1000F0E4CE /* finalTourGuideSQLUITests */,
			);
		};
/* End PBXProject section */

/* Begin PBXResourcesBuildPhase section */
		BB1C0D5B2BB2FE0F00F0E4CE /* Resources */ = {
			isa = PBXResourcesBuildPhase;
			buildActionMask = 2147483647;
			files = (
				BB1C0D682BB2FE1000F0E4CE /* Preview Assets.xcassets in Resources */,
				BB1C0D652BB2FE1000F0E4CE /* Assets.xcassets in Resources */,
			);
			runOnlyForDeploymentPostprocessing = 0;
		};
		BB1C0D6B2BB2FE1000F0E4CE /* Resources */ = {
			isa = PBXResourcesBuildPhase;
			buildActionMask = 2147483647;
			files = (
			);
			runOnlyForDeploymentPostprocessing = 0;
		};
		BB1C0D752BB2FE1000F0E4CE /* Resources */ = {
			isa = PBXResourcesBuildPhase;
			buildActionMask = 2147483647;
			files = (
			);
			runOnlyForDeploymentPostprocessing = 0;
		};
/* End PBXResourcesBuildPhase section */

/* Begin PBXSourcesBuildPhase section */
		BB1C0D592BB2FE0F00F0E4CE /* Sources */ = {
			isa = PBXSourcesBuildPhase;
			buildActionMask = 2147483647;
			files = (
				BB42B3692BB30AC30065A8A1 /* ScenicSpotDetailView.swift in Sources */,
				BB42B37A2BB31BB20065A8A1 /* SQLToggleView.swift in Sources */,
				BB1C0D632BB2FE0F00F0E4CE /* ContentView.swift in Sources */,
				BB42B3632BB302B30065A8A1 /* DatabaseManager.swift in Sources */,
				BB1C0D612BB2FE0F00F0E4CE /* finalTourGuideSQLApp.swift in Sources */,
				BB42B3752BB318230065A8A1 /* ShoppingView.swift in Sources */,
				BB42B3672BB305EE0065A8A1 /* AsyncImageView.swift in Sources */,
				BB42B3652BB305330065A8A1 /* imageManager.swift in Sources */,
				BB42B3772BB3183A0065A8A1 /* WeatherView.swift in Sources */,
			);
			runOnlyForDeploymentPostprocessing = 0;
		};
		BB1C0D692BB2FE1000F0E4CE /* Sources */ = {
			isa = PBXSourcesBuildPhase;
			buildActionMask = 2147483647;
			files = (
				BB1C0D722BB2FE1000F0E4CE /* finalTourGuideSQLTests.swift in Sources */,
			);
			runOnlyForDeploymentPostprocessing = 0;
		};
		BB1C0D732BB2FE1000F0E4CE /* Sources */ = {
			isa = PBXSourcesBuildPhase;
			buildActionMask = 2147483647;
			files = (
				BB1C0D7C2BB2FE1000F0E4CE /* finalTourGuideSQLUITests.swift in Sources */,
				BB1C0D7E2BB2FE1000F0E4CE /* finalTourGuideSQLUITestsLaunchTests.swift in Sources */,
			);
			runOnlyForDeploymentPostprocessing = 0;
		};
/* End PBXSourcesBuildPhase section */

/* Begin PBXTargetDependency section */
		BB1C0D6F2BB2FE1000F0E4CE /* PBXTargetDependency */ = {
			isa = PBXTargetDependency;
			target = BB1C0D5C2BB2FE0F00F0E4CE /* finalTourGuideSQL */;
			targetProxy = BB1C0D6E2BB2FE1000F0E4CE /* PBXContainerItemProxy */;
		};
		BB1C0D792BB2FE1000F0E4CE /* PBXTargetDependency */ = {
			isa = PBXTargetDependency;
			target = BB1C0D5C2BB2FE0F00F0E4CE /* finalTourGuideSQL */;
			targetProxy = BB1C0D782BB2FE1000F0E4CE /* PBXContainerItemProxy */;
		};
/* End PBXTargetDependency section */

/* Begin XCBuildConfiguration section */
		BB1C0D7F2BB2FE1000F0E4CE /* Debug */ = {
			isa = XCBuildConfiguration;
			buildSettings = {
				ALWAYS_SEARCH_USER_PATHS = NO;
				ASSETCATALOG_COMPILER_GENERATE_SWIFT_ASSET_SYMBOL_EXTENSIONS = YES;
				CLANG_ANALYZER_NONNULL = YES;
				CLANG_ANALYZER_NUMBER_OBJECT_CONVERSION = YES_AGGRESSIVE;
				CLANG_CXX_LANGUAGE_STANDARD = "gnu++20";
				CLANG_ENABLE_MODULES = YES;
				CLANG_ENABLE_OBJC_ARC = YES;
				CLANG_ENABLE_OBJC_WEAK = YES;
				CLANG_WARN_BLOCK_CAPTURE_AUTORELEASING = YES;
				CLANG_WARN_BOOL_CONVERSION = YES;
				CLANG_WARN_COMMA = YES;
				CLANG_WARN_CONSTANT_CONVERSION = YES;
				CLANG_WARN_DEPRECATED_OBJC_IMPLEMENTATIONS = YES;
				CLANG_WARN_DIRECT_OBJC_ISA_USAGE = YES_ERROR;
				CLANG_WARN_DOCUMENTATION_COMMENTS = YES;
				CLANG_WARN_EMPTY_BODY = YES;
				CLANG_WARN_ENUM_CONVERSION = YES;
				CLANG_WARN_INFINITE_RECURSION = YES;
				CLANG_WARN_INT_CONVERSION = YES;
				CLANG_WARN_NON_LITERAL_NULL_CONVERSION = YES;
				CLANG_WARN_OBJC_IMPLICIT_RETAIN_SELF = YES;
				CLANG_WARN_OBJC_LITERAL_CONVERSION = YES;
				CLANG_WARN_OBJC_ROOT_CLASS = YES_ERROR;
				CLANG_WARN_QUOTED_INCLUDE_IN_FRAMEWORK_HEADER = YES;
				CLANG_WARN_RANGE_LOOP_ANALYSIS = YES;
				CLANG_WARN_STRICT_PROTOTYPES = YES;
				CLANG_WARN_SUSPICIOUS_MOVE = YES;
				CLANG_WARN_UNGUARDED_AVAILABILITY = YES_AGGRESSIVE;
				CLANG_WARN_UNREACHABLE_CODE = YES;
				CLANG_WARN__DUPLICATE_METHOD_MATCH = YES;
				COPY_PHASE_STRIP = NO;
				DEBUG_INFORMATION_FORMAT = dwarf;
				ENABLE_STRICT_OBJC_MSGSEND = YES;
				ENABLE_TESTABILITY = YES;
				ENABLE_USER_SCRIPT_SANDBOXING = YES;
				GCC_C_LANGUAGE_STANDARD = gnu17;
				GCC_DYNAMIC_NO_PIC = NO;
				GCC_NO_COMMON_BLOCKS = YES;
				GCC_OPTIMIZATION_LEVEL = 0;
				GCC_PREPROCESSOR_DEFINITIONS = (
					"DEBUG=1",
					"$(inherited)",
				);
				GCC_WARN_64_TO_32_BIT_CONVERSION = YES;
				GCC_WARN_ABOUT_RETURN_TYPE = YES_ERROR;
				GCC_WARN_UNDECLARED_SELECTOR = YES;
				GCC_WARN_UNINITIALIZED_AUTOS = YES_AGGRESSIVE;
				GCC_WARN_UNUSED_FUNCTION = YES;
				GCC_WARN_UNUSED_VARIABLE = YES;
				IPHONEOS_DEPLOYMENT_TARGET = 17.4;
				LOCALIZATION_PREFERS_STRING_CATALOGS = YES;
				MTL_ENABLE_DEBUG_INFO = INCLUDE_SOURCE;
				MTL_FAST_MATH = YES;
				ONLY_ACTIVE_ARCH = YES;
				SDKROOT = iphoneos;
				SWIFT_ACTIVE_COMPILATION_CONDITIONS = "DEBUG $(inherited)";
				SWIFT_OPTIMIZATION_LEVEL = "-Onone";
			};
			name = Debug;
		};
		BB1C0D802BB2FE1000F0E4CE /* Release */ = {
			isa = XCBuildConfiguration;
			buildSettings = {
				ALWAYS_SEARCH_USER_PATHS = NO;
				ASSETCATALOG_COMPILER_GENERATE_SWIFT_ASSET_SYMBOL_EXTENSIONS = YES;
				CLANG_ANALYZER_NONNULL = YES;
				CLANG_ANALYZER_NUMBER_OBJECT_CONVERSION = YES_AGGRESSIVE;
				CLANG_CXX_LANGUAGE_STANDARD = "gnu++20";
				CLANG_ENABLE_MODULES = YES;
				CLANG_ENABLE_OBJC_ARC = YES;
				CLANG_ENABLE_OBJC_WEAK = YES;
				CLANG_WARN_BLOCK_CAPTURE_AUTORELEASING = YES;
				CLANG_WARN_BOOL_CONVERSION = YES;
				CLANG_WARN_COMMA = YES;
				CLANG_WARN_CONSTANT_CONVERSION = YES;
				CLANG_WARN_DEPRECATED_OBJC_IMPLEMENTATIONS = YES;
				CLANG_WARN_DIRECT_OBJC_ISA_USAGE = YES_ERROR;
				CLANG_WARN_DOCUMENTATION_COMMENTS = YES;
				CLANG_WARN_EMPTY_BODY = YES;
				CLANG_WARN_ENUM_CONVERSION = YES;
				CLANG_WARN_INFINITE_RECURSION = YES;
				CLANG_WARN_INT_CONVERSION = YES;
				CLANG_WARN_NON_LITERAL_NULL_CONVERSION = YES;
				CLANG_WARN_OBJC_IMPLICIT_RETAIN_SELF = YES;
				CLANG_WARN_OBJC_LITERAL_CONVERSION = YES;
				CLANG_WARN_OBJC_ROOT_CLASS = YES_ERROR;
				CLANG_WARN_QUOTED_INCLUDE_IN_FRAMEWORK_HEADER = YES;
				CLANG_WARN_RANGE_LOOP_ANALYSIS = YES;
				CLANG_WARN_STRICT_PROTOTYPES = YES;
				CLANG_WARN_SUSPICIOUS_MOVE = YES;
				CLANG_WARN_UNGUARDED_AVAILABILITY = YES_AGGRESSIVE;
				CLANG_WARN_UNREACHABLE_CODE = YES;
				CLANG_WARN__DUPLICATE_METHOD_MATCH = YES;
				COPY_PHASE_STRIP = NO;
				DEBUG_INFORMATION_FORMAT = "dwarf-with-dsym";
				ENABLE_NS_ASSERTIONS = NO;
				ENABLE_STRICT_OBJC_MSGSEND = YES;
				ENABLE_USER_SCRIPT_SANDBOXING = YES;
				GCC_C_LANGUAGE_STANDARD = gnu17;
				GCC_NO_COMMON_BLOCKS = YES;
				GCC_WARN_64_TO_32_BIT_CONVERSION = YES;
				GCC_WARN_ABOUT_RETURN_TYPE = YES_ERROR;
				GCC_WARN_UNDECLARED_SELECTOR = YES;
				GCC_WARN_UNINITIALIZED_AUTOS = YES_AGGRESSIVE;
				GCC_WARN_UNUSED_FUNCTION = YES;
				GCC_WARN_UNUSED_VARIABLE = YES;
				IPHONEOS_DEPLOYMENT_TARGET = 17.4;
				LOCALIZATION_PREFERS_STRING_CATALOGS = YES;
				MTL_ENABLE_DEBUG_INFO = NO;
				MTL_FAST_MATH = YES;
				SDKROOT = iphoneos;
				SWIFT_COMPILATION_MODE = wholemodule;
				VALIDATE_PRODUCT = YES;
			};
			name = Release;
		};
		BB1C0D822BB2FE1000F0E4CE /* Debug */ = {
			isa = XCBuildConfiguration;
			buildSettings = {
				ASSETCATALOG_COMPILER_APPICON_NAME = AppIcon;
				ASSETCATALOG_COMPILER_GLOBAL_ACCENT_COLOR_NAME = AccentColor;
				CODE_SIGN_STYLE = Automatic;
				CURRENT_PROJECT_VERSION = 1;
				DEVELOPMENT_ASSET_PATHS = "\"finalTourGuideSQL/Preview Content\"";
				DEVELOPMENT_TEAM = 5G748VV58B;
				ENABLE_PREVIEWS = YES;
				GENERATE_INFOPLIST_FILE = YES;
				INFOPLIST_KEY_UIApplicationSceneManifest_Generation = YES;
				INFOPLIST_KEY_UIApplicationSupportsIndirectInputEvents = YES;
				INFOPLIST_KEY_UILaunchScreen_Generation = YES;
				INFOPLIST_KEY_UISupportedInterfaceOrientations_iPad = "UIInterfaceOrientationPortrait UIInterfaceOrientationPortraitUpsideDown UIInterfaceOrientationLandscapeLeft UIInterfaceOrientationLandscapeRight";
				INFOPLIST_KEY_UISupportedInterfaceOrientations_iPhone = "UIInterfaceOrientationPortrait UIInterfaceOrientationLandscapeLeft UIInterfaceOrientationLandscapeRight";
				LD_RUNPATH_SEARCH_PATHS = (
					"$(inherited)",
					"@executable_path/Frameworks",
				);
				MARKETING_VERSION = 1.0;
				PRODUCT_BUNDLE_IDENTIFIER = com.kenk.finalTourGuideSQL;
				PRODUCT_NAME = "$(TARGET_NAME)";
				SWIFT_EMIT_LOC_STRINGS = YES;
				SWIFT_VERSION = 5.0;
				TARGETED_DEVICE_FAMILY = "1,2";
			};
			name = Debug;
		};
		BB1C0D832BB2FE1000F0E4CE /* Release */ = {
			isa = XCBuildConfiguration;
			buildSettings = {
				ASSETCATALOG_COMPILER_APPICON_NAME = AppIcon;
				ASSETCATALOG_COMPILER_GLOBAL_ACCENT_COLOR_NAME = AccentColor;
				CODE_SIGN_STYLE = Automatic;
				CURRENT_PROJECT_VERSION = 1;
				DEVELOPMENT_ASSET_PATHS = "\"finalTourGuideSQL/Preview Content\"";
				DEVELOPMENT_TEAM = 5G748VV58B;
				ENABLE_PREVIEWS = YES;
				GENERATE_INFOPLIST_FILE = YES;
				INFOPLIST_KEY_UIApplicationSceneManifest_Generation = YES;
				INFOPLIST_KEY_UIApplicationSupportsIndirectInputEvents = YES;
				INFOPLIST_KEY_UILaunchScreen_Generation = YES;
				INFOPLIST_KEY_UISupportedInterfaceOrientations_iPad = "UIInterfaceOrientationPortrait UIInterfaceOrientationPortraitUpsideDown UIInterfaceOrientationLandscapeLeft UIInterfaceOrientationLandscapeRight";
				INFOPLIST_KEY_UISupportedInterfaceOrientations_iPhone = "UIInterfaceOrientationPortrait UIInterfaceOrientationLandscapeLeft UIInterfaceOrientationLandscapeRight";
				LD_RUNPATH_SEARCH_PATHS = (
					"$(inherited)",
					"@executable_path/Frameworks",
				);
				MARKETING_VERSION = 1.0;
				PRODUCT_BUNDLE_IDENTIFIER = com.kenk.finalTourGuideSQL;
				PRODUCT_NAME = "$(TARGET_NAME)";
				SWIFT_EMIT_LOC_STRINGS = YES;
				SWIFT_VERSION = 5.0;
				TARGETED_DEVICE_FAMILY = "1,2";
			};
			name = Release;
		};
		BB1C0D852BB2FE1000F0E4CE /* Debug */ = {
			isa = XCBuildConfiguration;
			buildSettings = {
				ALWAYS_EMBED_SWIFT_STANDARD_LIBRARIES = YES;
				BUNDLE_LOADER = "$(TEST_HOST)";
				CODE_SIGN_STYLE = Automatic;
				CURRENT_PROJECT_VERSION = 1;
				DEVELOPMENT_TEAM = 5G748VV58B;
				GENERATE_INFOPLIST_FILE = YES;
				IPHONEOS_DEPLOYMENT_TARGET = 17.4;
				MARKETING_VERSION = 1.0;
				PRODUCT_BUNDLE_IDENTIFIER = com.kenk.finalTourGuideSQLTests;
				PRODUCT_NAME = "$(TARGET_NAME)";
				SWIFT_EMIT_LOC_STRINGS = NO;
				SWIFT_VERSION = 5.0;
				TARGETED_DEVICE_FAMILY = "1,2";
				TEST_HOST = "$(BUILT_PRODUCTS_DIR)/finalTourGuideSQL.app/$(BUNDLE_EXECUTABLE_FOLDER_PATH)/finalTourGuideSQL";
			};
			name = Debug;
		};
		BB1C0D862BB2FE1000F0E4CE /* Release */ = {
			isa = XCBuildConfiguration;
			buildSettings = {
				ALWAYS_EMBED_SWIFT_STANDARD_LIBRARIES = YES;
				BUNDLE_LOADER = "$(TEST_HOST)";
				CODE_SIGN_STYLE = Automatic;
				CURRENT_PROJECT_VERSION = 1;
				DEVELOPMENT_TEAM = 5G748VV58B;
				GENERATE_INFOPLIST_FILE = YES;
				IPHONEOS_DEPLOYMENT_TARGET = 17.4;
				MARKETING_VERSION = 1.0;
				PRODUCT_BUNDLE_IDENTIFIER = com.kenk.finalTourGuideSQLTests;
				PRODUCT_NAME = "$(TARGET_NAME)";
				SWIFT_EMIT_LOC_STRINGS = NO;
				SWIFT_VERSION = 5.0;
				TARGETED_DEVICE_FAMILY = "1,2";
				TEST_HOST = "$(BUILT_PRODUCTS_DIR)/finalTourGuideSQL.app/$(BUNDLE_EXECUTABLE_FOLDER_PATH)/finalTourGuideSQL";
			};
			name = Release;
		};
		BB1C0D882BB2FE1000F0E4CE /* Debug */ = {
			isa = XCBuildConfiguration;
			buildSettings = {
				ALWAYS_EMBED_SWIFT_STANDARD_LIBRARIES = YES;
				CODE_SIGN_STYLE = Automatic;
				CURRENT_PROJECT_VERSION = 1;
				DEVELOPMENT_TEAM = 5G748VV58B;
				GENERATE_INFOPLIST_FILE = YES;
				MARKETING_VERSION = 1.0;
				PRODUCT_BUNDLE_IDENTIFIER = com.kenk.finalTourGuideSQLUITests;
				PRODUCT_NAME = "$(TARGET_NAME)";
				SWIFT_EMIT_LOC_STRINGS = NO;
				SWIFT_VERSION = 5.0;
				TARGETED_DEVICE_FAMILY = "1,2";
				TEST_TARGET_NAME = finalTourGuideSQL;
			};
			name = Debug;
		};
		BB1C0D892BB2FE1000F0E4CE /* Release */ = {
			isa = XCBuildConfiguration;
			buildSettings = {
				ALWAYS_EMBED_SWIFT_STANDARD_LIBRARIES = YES;
				CODE_SIGN_STYLE = Automatic;
				CURRENT_PROJECT_VERSION = 1;
				DEVELOPMENT_TEAM = 5G748VV58B;
				GENERATE_INFOPLIST_FILE = YES;
				MARKETING_VERSION = 1.0;
				PRODUCT_BUNDLE_IDENTIFIER = com.kenk.finalTourGuideSQLUITests;
				PRODUCT_NAME = "$(TARGET_NAME)";
				SWIFT_EMIT_LOC_STRINGS = NO;
				SWIFT_VERSION = 5.0;
				TARGETED_DEVICE_FAMILY = "1,2";
				TEST_TARGET_NAME = finalTourGuideSQL;
			};
			name = Release;
		};
/* End XCBuildConfiguration section */

/* Begin XCConfigurationList section */
		BB1C0D582BB2FE0F00F0E4CE /* Build configuration list for PBXProject "finalTourGuideSQL" */ = {
			isa = XCConfigurationList;
			buildConfigurations = (
				BB1C0D7F2BB2FE1000F0E4CE /* Debug */,
				BB1C0D802BB2FE1000F0E4CE /* Release */,
			);
			defaultConfigurationIsVisible = 0;
			defaultConfigurationName = Release;
		};
		BB1C0D812BB2FE1000F0E4CE /* Build configuration list for PBXNativeTarget "finalTourGuideSQL" */ = {
			isa = XCConfigurationList;
			buildConfigurations = (
				BB1C0D822BB2FE1000F0E4CE /* Debug */,
				BB1C0D832BB2FE1000F0E4CE /* Release */,
			);
			defaultConfigurationIsVisible = 0;
			defaultConfigurationName = Release;
		};
		BB1C0D842BB2FE1000F0E4CE /* Build configuration list for PBXNativeTarget "finalTourGuideSQLTests" */ = {
			isa = XCConfigurationList;
			buildConfigurations = (
				BB1C0D852BB2FE1000F0E4CE /* Debug */,
				BB1C0D862BB2FE1000F0E4CE /* Release */,
			);
			defaultConfigurationIsVisible = 0;
			defaultConfigurationName = Release;
		};
		BB1C0D872BB2FE1000F0E4CE /* Build configuration list for PBXNativeTarget "finalTourGuideSQLUITests" */ = {
			isa = XCConfigurationList;
			buildConfigurations = (
				BB1C0D882BB2FE1000F0E4CE /* Debug */,
				BB1C0D892BB2FE1000F0E4CE /* Release */,
			);
			defaultConfigurationIsVisible = 0;
			defaultConfigurationName = Release;
		};
/* End XCConfigurationList section */
	};
	rootObject = BB1C0D552BB2FE0F00F0E4CE /* Project object */;
}
